{
  "name": "youtube-search-api",
  "version": "1.0.0",
  "lockfileVersion": 3,
  "requires": true,
  "packages": {
    "": {
      "name": "youtube-search-api",
      "version": "1.0.0",
      "license": "ISC",
      "dependencies": {
        "ytsr": "^3.8.4"
      }
    },
    "node_modules/miniget": {
      "version": "4.2.3",
      "resolved": "https://registry.npmjs.org/miniget/-/miniget-4.2.3.tgz",
      "integrity": "sha512-SjbDPDICJ1zT+ZvQwK0hUcRY4wxlhhNpHL9nJOB2MEAXRGagTljsO8MEDzQMTFf0Q8g4QNi8P9lEm/g7e+qgzA==",
      "license": "MIT",
      "engines": {
        "node": ">=12"
      }
    },
    "node_modules/ytsr": {
      "version": "3.8.4",
      "resolved": "https://registry.npmjs.org/ytsr/-/ytsr-3.8.4.tgz",
      "integrity": "sha512-rrJo59vDDf98mz/Cuw7Y2YiuTwSm3cs4XsXrP6yjYDXYup/aE0lRxY6XMKR3mGOHKwgLouZqFq8QRllVVVN88w==",
      "deprecated": "Package no longer supported. Contact Support at https://www.npmjs.com/support for more info.",
      "license": "MIT",
      "dependencies": {
        "miniget": "^4.2.2"
      },
      "engines": {
        "node": ">=8"
      }
    }
  }
}
